
Microsoft Visual Studio Solution File, Format Version 12.00
# Visual Studio Version 16
VisualStudioVersion = 16.0.32228.343
MinimumVisualStudioVersion = 10.0.40219.1
Project("{8BC9CEB8-8B4A-11D0-8D11-00A0C91BC942}") = "Ej38", "Ej38\Ej38.vcxproj", "{A2D6FA6E-CCE5-4AAD-8F8B-367AE470A5F9}"
EndProject
Project("{8BC9CEB8-8B4A-11D0-8D11-00A0C91BC942}") = "Ej39-ConModulos", "Ej39-ConModulos\Ej39-ConModulos.vcxproj", "{ACC19212-23D5-4614-B624-EAB57B88DFA9}"
EndProject
Project("{8BC9CEB8-8B4A-11D0-8D11-00A0C91BC942}") = "ej43", "ej43\ej43.vcxproj", "{B0407750-33C5-4744-8CA5-831A56DAF19D}"
EndProject
Project("{8BC9CEB8-8B4A-11D0-8D11-00A0C91BC942}") = "ej50", "ej50\ej50.vcxproj", "{38C4CC65-6317-44E2-928B-42DAAE867536}"
EndProject
Project("{8BC9CEB8-8B4A-11D0-8D11-00A0C91BC942}") = "ej51b", "ej51\ej51.vcxproj", "{5E3BF1AF-799B-4AAD-9930-13BC264B2874}"
EndProject
Project("{8BC9CEB8-8B4A-11D0-8D11-00A0C91BC942}") = "ej53", "ej53\ej53.vcxproj", "{DA1833DE-0CDA-4132-96B4-793D7E950BD3}"
EndProject
Project("{8BC9CEB8-8B4A-11D0-8D11-00A0C91BC942}") = "ej52", "ej52\ej52.vcxproj", "{0F2C5E2F-5BCA-4D46-8AD0-93892E0EC7C3}"
EndProject
Project("{8BC9CEB8-8B4A-11D0-8D11-00A0C91BC942}") = "Ej60", "Ej60\Ej60.vcxproj", "{A52B5CF1-35FC-43B8-8793-895974EC8D95}"
EndProject
Project("{8BC9CEB8-8B4A-11D0-8D11-00A0C91BC942}") = "Ej61", "Ej61\Ej61.vcxproj", "{E49BFD3D-EFBA-46CF-A7CD-4232041126CF}"
EndProject
Project("{8BC9CEB8-8B4A-11D0-8D11-00A0C91BC942}") = "Ej63", "Ej63-Profe\Ej63-Profe.vcxproj", "{64B1010D-9D7E-4707-91E3-5F80BA3DAF31}"
EndProject
Project("{8BC9CEB8-8B4A-11D0-8D11-00A0C91BC942}") = "EjTipo1erParcial", "EjTipo1erParcial\EjTipo1erParcial.vcxproj", "{97F2ADB5-BD67-40A0-9C0A-43B6B9D36320}"
EndProject
Project("{8BC9CEB8-8B4A-11D0-8D11-00A0C91BC942}") = "ej62", "ej62\ej62.vcxproj", "{DA5DA28F-8525-4D50-AA71-9C17ED0BEF09}"
EndProject
Project("{8BC9CEB8-8B4A-11D0-8D11-00A0C91BC942}") = "Ej72", "Ej72\Ej72.vcxproj", "{048B0C10-6CCE-46E9-839F-E47117D32463}"
EndProject
Project("{8BC9CEB8-8B4A-11D0-8D11-00A0C91BC942}") = "Menu-Archivo", "Menu-Archivo\Menu-Archivo.vcxproj", "{1A25DFC1-E408-493D-91D4-1560CDE1F2A7}"
EndProject
Project("{8BC9CEB8-8B4A-11D0-8D11-00A0C91BC942}") = "Ej76", "Ej76\Ej76.vcxproj", "{6C1A2411-48E1-492B-B8D9-0BCEAC2B3551}"
EndProject
Project("{8BC9CEB8-8B4A-11D0-8D11-00A0C91BC942}") = "Ej77", "Ej77\Ej77.vcxproj", "{CFA4D324-2F6B-4468-97EC-F39EA169407D}"
EndProject
Project("{8BC9CEB8-8B4A-11D0-8D11-00A0C91BC942}") = "Ej78", "Ej78\Ej78.vcxproj", "{6C583562-E078-4CD7-AC98-D8D3E1A41EF8}"
EndProject
Project("{8BC9CEB8-8B4A-11D0-8D11-00A0C91BC942}") = "Ej82", "Ej81\Ej81.vcxproj", "{0675A162-16C9-4F9B-9390-2BED911E55F8}"
EndProject
Project("{8BC9CEB8-8B4A-11D0-8D11-00A0C91BC942}") = "Ej91", "Ej91\Ej91.vcxproj", "{66627C8D-E49B-4DDC-947D-F9EA4F452773}"
EndProject
Project("{8BC9CEB8-8B4A-11D0-8D11-00A0C91BC942}") = "Ej93", "Ej93\Ej93.vcxproj", "{A67268E7-D1BA-463A-8523-DACE09E0078F}"
EndProject
Project("{8BC9CEB8-8B4A-11D0-8D11-00A0C91BC942}") = "Ej94", "Ej94\Ej94.vcxproj", "{C5259E76-2217-43BF-8FB0-02CFFAE91A4F}"
EndProject
Project("{8BC9CEB8-8B4A-11D0-8D11-00A0C91BC942}") = "Ej95", "Ej95\Ej95.vcxproj", "{43621E7E-1097-44BF-A6F2-CD8101D291D2}"
EndProject
Project("{8BC9CEB8-8B4A-11D0-8D11-00A0C91BC942}") = "EjemploPila", "EjemploPila\EjemploPila.vcxproj", "{0EDB6820-6923-4C07-8F3A-053EEF3496FF}"
EndProject
Project("{8BC9CEB8-8B4A-11D0-8D11-00A0C91BC942}") = "EjemploCola", "EjemploCola\EjemploCola.vcxproj", "{012D5155-9743-49B5-AE5C-83C25B12495F}"
EndProject
Project("{8BC9CEB8-8B4A-11D0-8D11-00A0C91BC942}") = "Ej102(pila)", "Ej102(pila)\Ej102(pila).vcxproj", "{75533079-9677-4956-85CC-9678047E1F72}"
EndProject
Project("{8BC9CEB8-8B4A-11D0-8D11-00A0C91BC942}") = "Ej104(colas)", "Ej104(colas)\Ej104(colas).vcxproj", "{9F920887-B952-4B5E-AC27-8D3CFD38717E}"
EndProject
Project("{8BC9CEB8-8B4A-11D0-8D11-00A0C91BC942}") = "Ej105(Listas)", "Ej105(Listas)\Ej105(Listas).vcxproj", "{D7276102-9FC2-41F0-96A9-7C8493821883}"
EndProject
Project("{8BC9CEB8-8B4A-11D0-8D11-00A0C91BC942}") = "Ej106", "Ej106\Ej106.vcxproj", "{EDDC3972-AE80-4736-9882-87B18FBC2EC9}"
EndProject
Project("{8BC9CEB8-8B4A-11D0-8D11-00A0C91BC942}") = "EjCombinandoEstructuras", "EjCombinandoEstructuras\EjCombinandoEstructuras.vcxproj", "{01D66395-B8ED-427C-A102-F4024930D198}"
EndProject
Project("{8BC9CEB8-8B4A-11D0-8D11-00A0C91BC942}") = "TPFinal", "TPFinal\TPFinal.vcxproj", "{0550F74F-62BF-42F6-BA34-49884682349E}"
EndProject
Project("{8BC9CEB8-8B4A-11D0-8D11-00A0C91BC942}") = "EjModelo2doParcial", "EjModelo2doParcial\EjModelo2doParcial.vcxproj", "{297587C3-935C-4029-939D-37DF20DEE6FA}"
EndProject
Global
	GlobalSection(SolutionConfigurationPlatforms) = preSolution
		Debug|x64 = Debug|x64
		Debug|x86 = Debug|x86
		Release|x64 = Release|x64
		Release|x86 = Release|x86
	EndGlobalSection
	GlobalSection(ProjectConfigurationPlatforms) = postSolution
		{A2D6FA6E-CCE5-4AAD-8F8B-367AE470A5F9}.Debug|x64.ActiveCfg = Debug|x64
		{A2D6FA6E-CCE5-4AAD-8F8B-367AE470A5F9}.Debug|x64.Build.0 = Debug|x64
		{A2D6FA6E-CCE5-4AAD-8F8B-367AE470A5F9}.Debug|x86.ActiveCfg = Debug|Win32
		{A2D6FA6E-CCE5-4AAD-8F8B-367AE470A5F9}.Debug|x86.Build.0 = Debug|Win32
		{A2D6FA6E-CCE5-4AAD-8F8B-367AE470A5F9}.Release|x64.ActiveCfg = Release|x64
		{A2D6FA6E-CCE5-4AAD-8F8B-367AE470A5F9}.Release|x64.Build.0 = Release|x64
		{A2D6FA6E-CCE5-4AAD-8F8B-367AE470A5F9}.Release|x86.ActiveCfg = Release|Win32
		{A2D6FA6E-CCE5-4AAD-8F8B-367AE470A5F9}.Release|x86.Build.0 = Release|Win32
		{ACC19212-23D5-4614-B624-EAB57B88DFA9}.Debug|x64.ActiveCfg = Debug|x64
		{ACC19212-23D5-4614-B624-EAB57B88DFA9}.Debug|x64.Build.0 = Debug|x64
		{ACC19212-23D5-4614-B624-EAB57B88DFA9}.Debug|x86.ActiveCfg = Debug|Win32
		{ACC19212-23D5-4614-B624-EAB57B88DFA9}.Debug|x86.Build.0 = Debug|Win32
		{ACC19212-23D5-4614-B624-EAB57B88DFA9}.Release|x64.ActiveCfg = Release|x64
		{ACC19212-23D5-4614-B624-EAB57B88DFA9}.Release|x64.Build.0 = Release|x64
		{ACC19212-23D5-4614-B624-EAB57B88DFA9}.Release|x86.ActiveCfg = Release|Win32
		{ACC19212-23D5-4614-B624-EAB57B88DFA9}.Release|x86.Build.0 = Release|Win32
		{B0407750-33C5-4744-8CA5-831A56DAF19D}.Debug|x64.ActiveCfg = Debug|x64
		{B0407750-33C5-4744-8CA5-831A56DAF19D}.Debug|x64.Build.0 = Debug|x64
		{B0407750-33C5-4744-8CA5-831A56DAF19D}.Debug|x86.ActiveCfg = Debug|Win32
		{B0407750-33C5-4744-8CA5-831A56DAF19D}.Debug|x86.Build.0 = Debug|Win32
		{B0407750-33C5-4744-8CA5-831A56DAF19D}.Release|x64.ActiveCfg = Release|x64
		{B0407750-33C5-4744-8CA5-831A56DAF19D}.Release|x64.Build.0 = Release|x64
		{B0407750-33C5-4744-8CA5-831A56DAF19D}.Release|x86.ActiveCfg = Release|Win32
		{B0407750-33C5-4744-8CA5-831A56DAF19D}.Release|x86.Build.0 = Release|Win32
		{38C4CC65-6317-44E2-928B-42DAAE867536}.Debug|x64.ActiveCfg = Debug|x64
		{38C4CC65-6317-44E2-928B-42DAAE867536}.Debug|x64.Build.0 = Debug|x64
		{38C4CC65-6317-44E2-928B-42DAAE867536}.Debug|x86.ActiveCfg = Debug|Win32
		{38C4CC65-6317-44E2-928B-42DAAE867536}.Debug|x86.Build.0 = Debug|Win32
		{38C4CC65-6317-44E2-928B-42DAAE867536}.Release|x64.ActiveCfg = Release|x64
		{38C4CC65-6317-44E2-928B-42DAAE867536}.Release|x64.Build.0 = Release|x64
		{38C4CC65-6317-44E2-928B-42DAAE867536}.Release|x86.ActiveCfg = Release|Win32
		{38C4CC65-6317-44E2-928B-42DAAE867536}.Release|x86.Build.0 = Release|Win32
		{5E3BF1AF-799B-4AAD-9930-13BC264B2874}.Debug|x64.ActiveCfg = Debug|x64
		{5E3BF1AF-799B-4AAD-9930-13BC264B2874}.Debug|x64.Build.0 = Debug|x64
		{5E3BF1AF-799B-4AAD-9930-13BC264B2874}.Debug|x86.ActiveCfg = Debug|Win32
		{5E3BF1AF-799B-4AAD-9930-13BC264B2874}.Debug|x86.Build.0 = Debug|Win32
		{5E3BF1AF-799B-4AAD-9930-13BC264B2874}.Release|x64.ActiveCfg = Release|x64
		{5E3BF1AF-799B-4AAD-9930-13BC264B2874}.Release|x64.Build.0 = Release|x64
		{5E3BF1AF-799B-4AAD-9930-13BC264B2874}.Release|x86.ActiveCfg = Release|Win32
		{5E3BF1AF-799B-4AAD-9930-13BC264B2874}.Release|x86.Build.0 = Release|Win32
		{DA1833DE-0CDA-4132-96B4-793D7E950BD3}.Debug|x64.ActiveCfg = Debug|x64
		{DA1833DE-0CDA-4132-96B4-793D7E950BD3}.Debug|x64.Build.0 = Debug|x64
		{DA1833DE-0CDA-4132-96B4-793D7E950BD3}.Debug|x86.ActiveCfg = Debug|Win32
		{DA1833DE-0CDA-4132-96B4-793D7E950BD3}.Debug|x86.Build.0 = Debug|Win32
		{DA1833DE-0CDA-4132-96B4-793D7E950BD3}.Release|x64.ActiveCfg = Release|x64
		{DA1833DE-0CDA-4132-96B4-793D7E950BD3}.Release|x64.Build.0 = Release|x64
		{DA1833DE-0CDA-4132-96B4-793D7E950BD3}.Release|x86.ActiveCfg = Release|Win32
		{DA1833DE-0CDA-4132-96B4-793D7E950BD3}.Release|x86.Build.0 = Release|Win32
		{0F2C5E2F-5BCA-4D46-8AD0-93892E0EC7C3}.Debug|x64.ActiveCfg = Debug|x64
		{0F2C5E2F-5BCA-4D46-8AD0-93892E0EC7C3}.Debug|x64.Build.0 = Debug|x64
		{0F2C5E2F-5BCA-4D46-8AD0-93892E0EC7C3}.Debug|x86.ActiveCfg = Debug|Win32
		{0F2C5E2F-5BCA-4D46-8AD0-93892E0EC7C3}.Debug|x86.Build.0 = Debug|Win32
		{0F2C5E2F-5BCA-4D46-8AD0-93892E0EC7C3}.Release|x64.ActiveCfg = Release|x64
		{0F2C5E2F-5BCA-4D46-8AD0-93892E0EC7C3}.Release|x64.Build.0 = Release|x64
		{0F2C5E2F-5BCA-4D46-8AD0-93892E0EC7C3}.Release|x86.ActiveCfg = Release|Win32
		{0F2C5E2F-5BCA-4D46-8AD0-93892E0EC7C3}.Release|x86.Build.0 = Release|Win32
		{A52B5CF1-35FC-43B8-8793-895974EC8D95}.Debug|x64.ActiveCfg = Debug|x64
		{A52B5CF1-35FC-43B8-8793-895974EC8D95}.Debug|x64.Build.0 = Debug|x64
		{A52B5CF1-35FC-43B8-8793-895974EC8D95}.Debug|x86.ActiveCfg = Debug|Win32
		{A52B5CF1-35FC-43B8-8793-895974EC8D95}.Debug|x86.Build.0 = Debug|Win32
		{A52B5CF1-35FC-43B8-8793-895974EC8D95}.Release|x64.ActiveCfg = Release|x64
		{A52B5CF1-35FC-43B8-8793-895974EC8D95}.Release|x64.Build.0 = Release|x64
		{A52B5CF1-35FC-43B8-8793-895974EC8D95}.Release|x86.ActiveCfg = Release|Win32
		{A52B5CF1-35FC-43B8-8793-895974EC8D95}.Release|x86.Build.0 = Release|Win32
		{E49BFD3D-EFBA-46CF-A7CD-4232041126CF}.Debug|x64.ActiveCfg = Debug|x64
		{E49BFD3D-EFBA-46CF-A7CD-4232041126CF}.Debug|x64.Build.0 = Debug|x64
		{E49BFD3D-EFBA-46CF-A7CD-4232041126CF}.Debug|x86.ActiveCfg = Debug|Win32
		{E49BFD3D-EFBA-46CF-A7CD-4232041126CF}.Debug|x86.Build.0 = Debug|Win32
		{E49BFD3D-EFBA-46CF-A7CD-4232041126CF}.Release|x64.ActiveCfg = Release|x64
		{E49BFD3D-EFBA-46CF-A7CD-4232041126CF}.Release|x64.Build.0 = Release|x64
		{E49BFD3D-EFBA-46CF-A7CD-4232041126CF}.Release|x86.ActiveCfg = Release|Win32
		{E49BFD3D-EFBA-46CF-A7CD-4232041126CF}.Release|x86.Build.0 = Release|Win32
		{64B1010D-9D7E-4707-91E3-5F80BA3DAF31}.Debug|x64.ActiveCfg = Debug|x64
		{64B1010D-9D7E-4707-91E3-5F80BA3DAF31}.Debug|x64.Build.0 = Debug|x64
		{64B1010D-9D7E-4707-91E3-5F80BA3DAF31}.Debug|x86.ActiveCfg = Debug|Win32
		{64B1010D-9D7E-4707-91E3-5F80BA3DAF31}.Debug|x86.Build.0 = Debug|Win32
		{64B1010D-9D7E-4707-91E3-5F80BA3DAF31}.Release|x64.ActiveCfg = Release|x64
		{64B1010D-9D7E-4707-91E3-5F80BA3DAF31}.Release|x64.Build.0 = Release|x64
		{64B1010D-9D7E-4707-91E3-5F80BA3DAF31}.Release|x86.ActiveCfg = Release|Win32
		{64B1010D-9D7E-4707-91E3-5F80BA3DAF31}.Release|x86.Build.0 = Release|Win32
		{97F2ADB5-BD67-40A0-9C0A-43B6B9D36320}.Debug|x64.ActiveCfg = Debug|x64
		{97F2ADB5-BD67-40A0-9C0A-43B6B9D36320}.Debug|x64.Build.0 = Debug|x64
		{97F2ADB5-BD67-40A0-9C0A-43B6B9D36320}.Debug|x86.ActiveCfg = Debug|Win32
		{97F2ADB5-BD67-40A0-9C0A-43B6B9D36320}.Debug|x86.Build.0 = Debug|Win32
		{97F2ADB5-BD67-40A0-9C0A-43B6B9D36320}.Release|x64.ActiveCfg = Release|x64
		{97F2ADB5-BD67-40A0-9C0A-43B6B9D36320}.Release|x64.Build.0 = Release|x64
		{97F2ADB5-BD67-40A0-9C0A-43B6B9D36320}.Release|x86.ActiveCfg = Release|Win32
		{97F2ADB5-BD67-40A0-9C0A-43B6B9D36320}.Release|x86.Build.0 = Release|Win32
		{DA5DA28F-8525-4D50-AA71-9C17ED0BEF09}.Debug|x64.ActiveCfg = Debug|x64
		{DA5DA28F-8525-4D50-AA71-9C17ED0BEF09}.Debug|x64.Build.0 = Debug|x64
		{DA5DA28F-8525-4D50-AA71-9C17ED0BEF09}.Debug|x86.ActiveCfg = Debug|Win32
		{DA5DA28F-8525-4D50-AA71-9C17ED0BEF09}.Debug|x86.Build.0 = Debug|Win32
		{DA5DA28F-8525-4D50-AA71-9C17ED0BEF09}.Release|x64.ActiveCfg = Release|x64
		{DA5DA28F-8525-4D50-AA71-9C17ED0BEF09}.Release|x64.Build.0 = Release|x64
		{DA5DA28F-8525-4D50-AA71-9C17ED0BEF09}.Release|x86.ActiveCfg = Release|Win32
		{DA5DA28F-8525-4D50-AA71-9C17ED0BEF09}.Release|x86.Build.0 = Release|Win32
		{048B0C10-6CCE-46E9-839F-E47117D32463}.Debug|x64.ActiveCfg = Debug|x64
		{048B0C10-6CCE-46E9-839F-E47117D32463}.Debug|x64.Build.0 = Debug|x64
		{048B0C10-6CCE-46E9-839F-E47117D32463}.Debug|x86.ActiveCfg = Debug|Win32
		{048B0C10-6CCE-46E9-839F-E47117D32463}.Debug|x86.Build.0 = Debug|Win32
		{048B0C10-6CCE-46E9-839F-E47117D32463}.Release|x64.ActiveCfg = Release|x64
		{048B0C10-6CCE-46E9-839F-E47117D32463}.Release|x64.Build.0 = Release|x64
		{048B0C10-6CCE-46E9-839F-E47117D32463}.Release|x86.ActiveCfg = Release|Win32
		{048B0C10-6CCE-46E9-839F-E47117D32463}.Release|x86.Build.0 = Release|Win32
		{1A25DFC1-E408-493D-91D4-1560CDE1F2A7}.Debug|x64.ActiveCfg = Debug|x64
		{1A25DFC1-E408-493D-91D4-1560CDE1F2A7}.Debug|x64.Build.0 = Debug|x64
		{1A25DFC1-E408-493D-91D4-1560CDE1F2A7}.Debug|x86.ActiveCfg = Debug|Win32
		{1A25DFC1-E408-493D-91D4-1560CDE1F2A7}.Debug|x86.Build.0 = Debug|Win32
		{1A25DFC1-E408-493D-91D4-1560CDE1F2A7}.Release|x64.ActiveCfg = Release|x64
		{1A25DFC1-E408-493D-91D4-1560CDE1F2A7}.Release|x64.Build.0 = Release|x64
		{1A25DFC1-E408-493D-91D4-1560CDE1F2A7}.Release|x86.ActiveCfg = Release|Win32
		{1A25DFC1-E408-493D-91D4-1560CDE1F2A7}.Release|x86.Build.0 = Release|Win32
		{6C1A2411-48E1-492B-B8D9-0BCEAC2B3551}.Debug|x64.ActiveCfg = Debug|x64
		{6C1A2411-48E1-492B-B8D9-0BCEAC2B3551}.Debug|x64.Build.0 = Debug|x64
		{6C1A2411-48E1-492B-B8D9-0BCEAC2B3551}.Debug|x86.ActiveCfg = Debug|Win32
		{6C1A2411-48E1-492B-B8D9-0BCEAC2B3551}.Debug|x86.Build.0 = Debug|Win32
		{6C1A2411-48E1-492B-B8D9-0BCEAC2B3551}.Release|x64.ActiveCfg = Release|x64
		{6C1A2411-48E1-492B-B8D9-0BCEAC2B3551}.Release|x64.Build.0 = Release|x64
		{6C1A2411-48E1-492B-B8D9-0BCEAC2B3551}.Release|x86.ActiveCfg = Release|Win32
		{6C1A2411-48E1-492B-B8D9-0BCEAC2B3551}.Release|x86.Build.0 = Release|Win32
		{CFA4D324-2F6B-4468-97EC-F39EA169407D}.Debug|x64.ActiveCfg = Debug|x64
		{CFA4D324-2F6B-4468-97EC-F39EA169407D}.Debug|x64.Build.0 = Debug|x64
		{CFA4D324-2F6B-4468-97EC-F39EA169407D}.Debug|x86.ActiveCfg = Debug|Win32
		{CFA4D324-2F6B-4468-97EC-F39EA169407D}.Debug|x86.Build.0 = Debug|Win32
		{CFA4D324-2F6B-4468-97EC-F39EA169407D}.Release|x64.ActiveCfg = Release|x64
		{CFA4D324-2F6B-4468-97EC-F39EA169407D}.Release|x64.Build.0 = Release|x64
		{CFA4D324-2F6B-4468-97EC-F39EA169407D}.Release|x86.ActiveCfg = Release|Win32
		{CFA4D324-2F6B-4468-97EC-F39EA169407D}.Release|x86.Build.0 = Release|Win32
		{6C583562-E078-4CD7-AC98-D8D3E1A41EF8}.Debug|x64.ActiveCfg = Debug|x64
		{6C583562-E078-4CD7-AC98-D8D3E1A41EF8}.Debug|x64.Build.0 = Debug|x64
		{6C583562-E078-4CD7-AC98-D8D3E1A41EF8}.Debug|x86.ActiveCfg = Debug|Win32
		{6C583562-E078-4CD7-AC98-D8D3E1A41EF8}.Debug|x86.Build.0 = Debug|Win32
		{6C583562-E078-4CD7-AC98-D8D3E1A41EF8}.Release|x64.ActiveCfg = Release|x64
		{6C583562-E078-4CD7-AC98-D8D3E1A41EF8}.Release|x64.Build.0 = Release|x64
		{6C583562-E078-4CD7-AC98-D8D3E1A41EF8}.Release|x86.ActiveCfg = Release|Win32
		{6C583562-E078-4CD7-AC98-D8D3E1A41EF8}.Release|x86.Build.0 = Release|Win32
		{0675A162-16C9-4F9B-9390-2BED911E55F8}.Debug|x64.ActiveCfg = Debug|x64
		{0675A162-16C9-4F9B-9390-2BED911E55F8}.Debug|x64.Build.0 = Debug|x64
		{0675A162-16C9-4F9B-9390-2BED911E55F8}.Debug|x86.ActiveCfg = Debug|Win32
		{0675A162-16C9-4F9B-9390-2BED911E55F8}.Debug|x86.Build.0 = Debug|Win32
		{0675A162-16C9-4F9B-9390-2BED911E55F8}.Release|x64.ActiveCfg = Release|x64
		{0675A162-16C9-4F9B-9390-2BED911E55F8}.Release|x64.Build.0 = Release|x64
		{0675A162-16C9-4F9B-9390-2BED911E55F8}.Release|x86.ActiveCfg = Release|Win32
		{0675A162-16C9-4F9B-9390-2BED911E55F8}.Release|x86.Build.0 = Release|Win32
		{66627C8D-E49B-4DDC-947D-F9EA4F452773}.Debug|x64.ActiveCfg = Debug|x64
		{66627C8D-E49B-4DDC-947D-F9EA4F452773}.Debug|x64.Build.0 = Debug|x64
		{66627C8D-E49B-4DDC-947D-F9EA4F452773}.Debug|x86.ActiveCfg = Debug|Win32
		{66627C8D-E49B-4DDC-947D-F9EA4F452773}.Debug|x86.Build.0 = Debug|Win32
		{66627C8D-E49B-4DDC-947D-F9EA4F452773}.Release|x64.ActiveCfg = Release|x64
		{66627C8D-E49B-4DDC-947D-F9EA4F452773}.Release|x64.Build.0 = Release|x64
		{66627C8D-E49B-4DDC-947D-F9EA4F452773}.Release|x86.ActiveCfg = Release|Win32
		{66627C8D-E49B-4DDC-947D-F9EA4F452773}.Release|x86.Build.0 = Release|Win32
		{A67268E7-D1BA-463A-8523-DACE09E0078F}.Debug|x64.ActiveCfg = Debug|x64
		{A67268E7-D1BA-463A-8523-DACE09E0078F}.Debug|x64.Build.0 = Debug|x64
		{A67268E7-D1BA-463A-8523-DACE09E0078F}.Debug|x86.ActiveCfg = Debug|Win32
		{A67268E7-D1BA-463A-8523-DACE09E0078F}.Debug|x86.Build.0 = Debug|Win32
		{A67268E7-D1BA-463A-8523-DACE09E0078F}.Release|x64.ActiveCfg = Release|x64
		{A67268E7-D1BA-463A-8523-DACE09E0078F}.Release|x64.Build.0 = Release|x64
		{A67268E7-D1BA-463A-8523-DACE09E0078F}.Release|x86.ActiveCfg = Release|Win32
		{A67268E7-D1BA-463A-8523-DACE09E0078F}.Release|x86.Build.0 = Release|Win32
		{C5259E76-2217-43BF-8FB0-02CFFAE91A4F}.Debug|x64.ActiveCfg = Debug|x64
		{C5259E76-2217-43BF-8FB0-02CFFAE91A4F}.Debug|x64.Build.0 = Debug|x64
		{C5259E76-2217-43BF-8FB0-02CFFAE91A4F}.Debug|x86.ActiveCfg = Debug|Win32
		{C5259E76-2217-43BF-8FB0-02CFFAE91A4F}.Debug|x86.Build.0 = Debug|Win32
		{C5259E76-2217-43BF-8FB0-02CFFAE91A4F}.Release|x64.ActiveCfg = Release|x64
		{C5259E76-2217-43BF-8FB0-02CFFAE91A4F}.Release|x64.Build.0 = Release|x64
		{C5259E76-2217-43BF-8FB0-02CFFAE91A4F}.Release|x86.ActiveCfg = Release|Win32
		{C5259E76-2217-43BF-8FB0-02CFFAE91A4F}.Release|x86.Build.0 = Release|Win32
		{43621E7E-1097-44BF-A6F2-CD8101D291D2}.Debug|x64.ActiveCfg = Debug|x64
		{43621E7E-1097-44BF-A6F2-CD8101D291D2}.Debug|x64.Build.0 = Debug|x64
		{43621E7E-1097-44BF-A6F2-CD8101D291D2}.Debug|x86.ActiveCfg = Debug|Win32
		{43621E7E-1097-44BF-A6F2-CD8101D291D2}.Debug|x86.Build.0 = Debug|Win32
		{43621E7E-1097-44BF-A6F2-CD8101D291D2}.Release|x64.ActiveCfg = Release|x64
		{43621E7E-1097-44BF-A6F2-CD8101D291D2}.Release|x64.Build.0 = Release|x64
		{43621E7E-1097-44BF-A6F2-CD8101D291D2}.Release|x86.ActiveCfg = Release|Win32
		{43621E7E-1097-44BF-A6F2-CD8101D291D2}.Release|x86.Build.0 = Release|Win32
		{0EDB6820-6923-4C07-8F3A-053EEF3496FF}.Debug|x64.ActiveCfg = Debug|x64
		{0EDB6820-6923-4C07-8F3A-053EEF3496FF}.Debug|x64.Build.0 = Debug|x64
		{0EDB6820-6923-4C07-8F3A-053EEF3496FF}.Debug|x86.ActiveCfg = Debug|Win32
		{0EDB6820-6923-4C07-8F3A-053EEF3496FF}.Debug|x86.Build.0 = Debug|Win32
		{0EDB6820-6923-4C07-8F3A-053EEF3496FF}.Release|x64.ActiveCfg = Release|x64
		{0EDB6820-6923-4C07-8F3A-053EEF3496FF}.Release|x64.Build.0 = Release|x64
		{0EDB6820-6923-4C07-8F3A-053EEF3496FF}.Release|x86.ActiveCfg = Release|Win32
		{0EDB6820-6923-4C07-8F3A-053EEF3496FF}.Release|x86.Build.0 = Release|Win32
		{012D5155-9743-49B5-AE5C-83C25B12495F}.Debug|x64.ActiveCfg = Debug|x64
		{012D5155-9743-49B5-AE5C-83C25B12495F}.Debug|x64.Build.0 = Debug|x64
		{012D5155-9743-49B5-AE5C-83C25B12495F}.Debug|x86.ActiveCfg = Debug|Win32
		{012D5155-9743-49B5-AE5C-83C25B12495F}.Debug|x86.Build.0 = Debug|Win32
		{012D5155-9743-49B5-AE5C-83C25B12495F}.Release|x64.ActiveCfg = Release|x64
		{012D5155-9743-49B5-AE5C-83C25B12495F}.Release|x64.Build.0 = Release|x64
		{012D5155-9743-49B5-AE5C-83C25B12495F}.Release|x86.ActiveCfg = Release|Win32
		{012D5155-9743-49B5-AE5C-83C25B12495F}.Release|x86.Build.0 = Release|Win32
		{75533079-9677-4956-85CC-9678047E1F72}.Debug|x64.ActiveCfg = Debug|x64
		{75533079-9677-4956-85CC-9678047E1F72}.Debug|x64.Build.0 = Debug|x64
		{75533079-9677-4956-85CC-9678047E1F72}.Debug|x86.ActiveCfg = Debug|Win32
		{75533079-9677-4956-85CC-9678047E1F72}.Debug|x86.Build.0 = Debug|Win32
		{75533079-9677-4956-85CC-9678047E1F72}.Release|x64.ActiveCfg = Release|x64
		{75533079-9677-4956-85CC-9678047E1F72}.Release|x64.Build.0 = Release|x64
		{75533079-9677-4956-85CC-9678047E1F72}.Release|x86.ActiveCfg = Release|Win32
		{75533079-9677-4956-85CC-9678047E1F72}.Release|x86.Build.0 = Release|Win32
		{9F920887-B952-4B5E-AC27-8D3CFD38717E}.Debug|x64.ActiveCfg = Debug|x64
		{9F920887-B952-4B5E-AC27-8D3CFD38717E}.Debug|x64.Build.0 = Debug|x64
		{9F920887-B952-4B5E-AC27-8D3CFD38717E}.Debug|x86.ActiveCfg = Debug|Win32
		{9F920887-B952-4B5E-AC27-8D3CFD38717E}.Debug|x86.Build.0 = Debug|Win32
		{9F920887-B952-4B5E-AC27-8D3CFD38717E}.Release|x64.ActiveCfg = Release|x64
		{9F920887-B952-4B5E-AC27-8D3CFD38717E}.Release|x64.Build.0 = Release|x64
		{9F920887-B952-4B5E-AC27-8D3CFD38717E}.Release|x86.ActiveCfg = Release|Win32
		{9F920887-B952-4B5E-AC27-8D3CFD38717E}.Release|x86.Build.0 = Release|Win32
		{D7276102-9FC2-41F0-96A9-7C8493821883}.Debug|x64.ActiveCfg = Debug|x64
		{D7276102-9FC2-41F0-96A9-7C8493821883}.Debug|x64.Build.0 = Debug|x64
		{D7276102-9FC2-41F0-96A9-7C8493821883}.Debug|x86.ActiveCfg = Debug|Win32
		{D7276102-9FC2-41F0-96A9-7C8493821883}.Debug|x86.Build.0 = Debug|Win32
		{D7276102-9FC2-41F0-96A9-7C8493821883}.Release|x64.ActiveCfg = Release|x64
		{D7276102-9FC2-41F0-96A9-7C8493821883}.Release|x64.Build.0 = Release|x64
		{D7276102-9FC2-41F0-96A9-7C8493821883}.Release|x86.ActiveCfg = Release|Win32
		{D7276102-9FC2-41F0-96A9-7C8493821883}.Release|x86.Build.0 = Release|Win32
		{EDDC3972-AE80-4736-9882-87B18FBC2EC9}.Debug|x64.ActiveCfg = Debug|x64
		{EDDC3972-AE80-4736-9882-87B18FBC2EC9}.Debug|x64.Build.0 = Debug|x64
		{EDDC3972-AE80-4736-9882-87B18FBC2EC9}.Debug|x86.ActiveCfg = Debug|Win32
		{EDDC3972-AE80-4736-9882-87B18FBC2EC9}.Debug|x86.Build.0 = Debug|Win32
		{EDDC3972-AE80-4736-9882-87B18FBC2EC9}.Release|x64.ActiveCfg = Release|x64
		{EDDC3972-AE80-4736-9882-87B18FBC2EC9}.Release|x64.Build.0 = Release|x64
		{EDDC3972-AE80-4736-9882-87B18FBC2EC9}.Release|x86.ActiveCfg = Release|Win32
		{EDDC3972-AE80-4736-9882-87B18FBC2EC9}.Release|x86.Build.0 = Release|Win32
		{01D66395-B8ED-427C-A102-F4024930D198}.Debug|x64.ActiveCfg = Debug|x64
		{01D66395-B8ED-427C-A102-F4024930D198}.Debug|x64.Build.0 = Debug|x64
		{01D66395-B8ED-427C-A102-F4024930D198}.Debug|x86.ActiveCfg = Debug|Win32
		{01D66395-B8ED-427C-A102-F4024930D198}.Debug|x86.Build.0 = Debug|Win32
		{01D66395-B8ED-427C-A102-F4024930D198}.Release|x64.ActiveCfg = Release|x64
		{01D66395-B8ED-427C-A102-F4024930D198}.Release|x64.Build.0 = Release|x64
		{01D66395-B8ED-427C-A102-F4024930D198}.Release|x86.ActiveCfg = Release|Win32
		{01D66395-B8ED-427C-A102-F4024930D198}.Release|x86.Build.0 = Release|Win32
		{0550F74F-62BF-42F6-BA34-49884682349E}.Debug|x64.ActiveCfg = Debug|x64
		{0550F74F-62BF-42F6-BA34-49884682349E}.Debug|x64.Build.0 = Debug|x64
		{0550F74F-62BF-42F6-BA34-49884682349E}.Debug|x86.ActiveCfg = Debug|Win32
		{0550F74F-62BF-42F6-BA34-49884682349E}.Debug|x86.Build.0 = Debug|Win32
		{0550F74F-62BF-42F6-BA34-49884682349E}.Release|x64.ActiveCfg = Release|x64
		{0550F74F-62BF-42F6-BA34-49884682349E}.Release|x64.Build.0 = Release|x64
		{0550F74F-62BF-42F6-BA34-49884682349E}.Release|x86.ActiveCfg = Release|Win32
		{0550F74F-62BF-42F6-BA34-49884682349E}.Release|x86.Build.0 = Release|Win32
		{297587C3-935C-4029-939D-37DF20DEE6FA}.Debug|x64.ActiveCfg = Debug|x64
		{297587C3-935C-4029-939D-37DF20DEE6FA}.Debug|x64.Build.0 = Debug|x64
		{297587C3-935C-4029-939D-37DF20DEE6FA}.Debug|x86.ActiveCfg = Debug|Win32
		{297587C3-935C-4029-939D-37DF20DEE6FA}.Debug|x86.Build.0 = Debug|Win32
		{297587C3-935C-4029-939D-37DF20DEE6FA}.Release|x64.ActiveCfg = Release|x64
		{297587C3-935C-4029-939D-37DF20DEE6FA}.Release|x64.Build.0 = Release|x64
		{297587C3-935C-4029-939D-37DF20DEE6FA}.Release|x86.ActiveCfg = Release|Win32
		{297587C3-935C-4029-939D-37DF20DEE6FA}.Release|x86.Build.0 = Release|Win32
	EndGlobalSection
	GlobalSection(SolutionProperties) = preSolution
		HideSolutionNode = FALSE
	EndGlobalSection
	GlobalSection(ExtensibilityGlobals) = postSolution
		SolutionGuid = {992BDEF0-BA04-4DAB-B379-3AE3592D21BC}
	EndGlobalSection
EndGlobal
